
Microsoft Visual Studio Solution File, Format Version 12.00
# Visual Studio Version 17
VisualStudioVersion = 17.0.32002.185
MinimumVisualStudioVersion = 10.0.40219.1
Project("{FAE04EC0-301F-11D3-BF4B-00C04F79EFBC}") = "ABVCalculator", "ABVCalculator\ABVCalculator.csproj", "{AE408352-A046-4D0D-9D9F-EC4622E5C998}"
EndProject
Global
	GlobalSection(SolutionConfigurationPlatforms) = preSolution
		Debug|Any CPU = Debug|Any CPU
		Release|Any CPU = Release|Any CPU
	EndGlobalSection
	GlobalSection(ProjectConfigurationPlatforms) = postSolution
		{AE408352-A046-4D0D-9D9F-EC4622E5C998}.Debug|Any CPU.ActiveCfg = Debug|Any CPU
		{AE408352-A046-4D0D-9D9F-EC4622E5C998}.Debug|Any CPU.Build.0 = Debug|Any CPU
		{AE408352-A046-4D0D-9D9F-EC4622E5C998}.Release|Any CPU.ActiveCfg = Release|Any CPU
		{AE408352-A046-4D0D-9D9F-EC4622E5C998}.Release|Any CPU.Build.0 = Release|Any CPU
	EndGlobalSection
	GlobalSection(SolutionProperties) = preSolution
		HideSolutionNode = FALSE
	EndGlobalSection
	GlobalSection(ExtensibilityGlobals) = postSolution
		SolutionGuid = {5A51220A-9918-48AC-90B3-8A6F81747DF8}
	EndGlobalSection
EndGlobal
